
Microsoft Visual Studio Solution File, Format Version 12.00
# Visual Studio Version 16
VisualStudioVersion = 16.0.31205.134
MinimumVisualStudioVersion = 10.0.40219.1
Project("{FAE04EC0-301F-11D3-BF4B-00C04F79EFBC}") = "ProxyScrap", "ProxyScrap\ProxyScrap.csproj", "{362D20AC-CC3A-4720-B31E-02183CA1B5C6}"
EndProject
Global
	GlobalSection(SolutionConfigurationPlatforms) = preSolution
		Debug|Any CPU = Debug|Any CPU
		Release|Any CPU = Release|Any CPU
	EndGlobalSection
	GlobalSection(ProjectConfigurationPlatforms) = postSolution
		{362D20AC-CC3A-4720-B31E-02183CA1B5C6}.Debug|Any CPU.ActiveCfg = Debug|Any CPU
		{362D20AC-CC3A-4720-B31E-02183CA1B5C6}.Debug|Any CPU.Build.0 = Debug|Any CPU
		{362D20AC-CC3A-4720-B31E-02183CA1B5C6}.Release|Any CPU.ActiveCfg = Release|Any CPU
		{362D20AC-CC3A-4720-B31E-02183CA1B5C6}.Release|Any CPU.Build.0 = Release|Any CPU
	EndGlobalSection
	GlobalSection(SolutionProperties) = preSolution
		HideSolutionNode = FALSE
	EndGlobalSection
	GlobalSection(ExtensibilityGlobals) = postSolution
		SolutionGuid = {C176FCB2-8780-4ADF-9815-2DB0F6BA6312}
	EndGlobalSection
EndGlobal
